Microsoft Visual Studio Solution File, Format Version 12.00
# Visual Studio Version 17
VisualStudioVersion = 17.13.35828.75
MinimumVisualStudioVersion = 10.0.40219.1
Project("{8BC9CEB8-8B4A-11D0-8D11-00A0C91BC942}") = "Project8==D", "Project8==D\Project8==D.vcxproj", "{54DFB055-EA9F-9661-7FD2-CBD09E6C30AA}"
EndProject
Global
	GlobalSection(SolutionConfigurationPlatforms) = preSolution
		Debug|x64 = Debug|x64
		Debug|x86 = Debug|x86
		Release|x64 = Release|x64
		Release|x86 = Release|x86
	EndGlobalSection
	GlobalSection(ProjectConfigurationPlatforms) = postSolution
		{54DFB055-EA9F-9661-7FD2-CBD09E6C30AA}.Debug|x64.ActiveCfg = Debug|x64
		{54DFB055-EA9F-9661-7FD2-CBD09E6C30AA}.Debug|x64.Build.0 = Debug|x64
		{54DFB055-EA9F-9661-7FD2-CBD09E6C30AA}.Debug|x86.ActiveCfg = Debug|x64
		{54DFB055-EA9F-9661-7FD2-CBD09E6C30AA}.Debug|x86.Build.0 = Debug|x64
		{54DFB055-EA9F-9661-7FD2-CBD09E6C30AA}.Release|x64.ActiveCfg = Release|x64
		{54DFB055-EA9F-9661-7FD2-CBD09E6C30AA}.Release|x64.Build.0 = Release|x64
		{54DFB055-EA9F-9661-7FD2-CBD09E6C30AA}.Release|x86.ActiveCfg = Release|Win32
		{54DFB055-EA9F-9661-7FD2-CBD09E6C30AA}.Release|x86.Build.0 = Release|Win32
	EndGlobalSection
	GlobalSection(SolutionProperties) = preSolution
		HideSolutionNode = FALSE
	EndGlobalSection
	GlobalSection(ExtensibilityGlobals) = postSolution
		SolutionGuid = {131807FD-7A55-49DD-8CF7-4382A3F9C444}
	EndGlobalSection
EndGlobal
